// !$*UTF8*$!
{
	archiveVersion = 1;
	classes = {
	};
	objectVersion = 50;
	objects = {

/* Begin PBXBuildFile section */
		4F55FDD923CFAD110032EF0F /* UserModel.swift in Sources */ = {isa = PBXBuildFile; fileRef = 4F55FDD523CFAD110032EF0F /* UserModel.swift */; };
		4F55FDDA23CFAD110032EF0F /* ChannelModel.swift in Sources */ = {isa = PBXBuildFile; fileRef = 4F55FDD623CFAD110032EF0F /* ChannelModel.swift */; };
		4F55FDDB23CFAD110032EF0F /* PostModel.swift in Sources */ = {isa = PBXBuildFile; fileRef = 4F55FDD723CFAD110032EF0F /* PostModel.swift */; };
		4F55FDDC23CFAD110032EF0F /* RankModel.swift in Sources */ = {isa = PBXBuildFile; fileRef = 4F55FDD823CFAD110032EF0F /* RankModel.swift */; };
		7597314D23CE6FAF00F9EFA5 /* ChannelsViewController.swift in Sources */ = {isa = PBXBuildFile; fileRef = 7597314B23CE6FAF00F9EFA5 /* ChannelsViewController.swift */; };
		7597314E23CE6FAF00F9EFA5 /* ChannelsViewController.xib in Resources */ = {isa = PBXBuildFile; fileRef = 7597314C23CE6FAF00F9EFA5 /* ChannelsViewController.xib */; };
		7597315123CEC2F500F9EFA5 /* CustomTabBarController.swift in Sources */ = {isa = PBXBuildFile; fileRef = 7597314F23CEC2F500F9EFA5 /* CustomTabBarController.swift */; };
		7597315223CEC2F500F9EFA5 /* CustomTabBarController.xib in Resources */ = {isa = PBXBuildFile; fileRef = 7597315023CEC2F500F9EFA5 /* CustomTabBarController.xib */; };
		7597315523CECC9B00F9EFA5 /* FeedViewController.swift in Sources */ = {isa = PBXBuildFile; fileRef = 7597315323CECC9B00F9EFA5 /* FeedViewController.swift */; };
		7597315623CECC9B00F9EFA5 /* FeedViewController.xib in Resources */ = {isa = PBXBuildFile; fileRef = 7597315423CECC9B00F9EFA5 /* FeedViewController.xib */; };
		7597316223CF76DB00F9EFA5 /* SaveViewController.swift in Sources */ = {isa = PBXBuildFile; fileRef = 7597316023CF76DB00F9EFA5 /* SaveViewController.swift */; };
		7597316323CF76DB00F9EFA5 /* SaveViewController.xib in Resources */ = {isa = PBXBuildFile; fileRef = 7597316123CF76DB00F9EFA5 /* SaveViewController.xib */; };
		7597316623CF798E00F9EFA5 /* ProfileViewController.swift in Sources */ = {isa = PBXBuildFile; fileRef = 7597316423CF798E00F9EFA5 /* ProfileViewController.swift */; };
		7597316723CF798E00F9EFA5 /* ProfileViewController.xib in Resources */ = {isa = PBXBuildFile; fileRef = 7597316523CF798E00F9EFA5 /* ProfileViewController.xib */; };
		7597316A23CF79AE00F9EFA5 /* SearchViewController.swift in Sources */ = {isa = PBXBuildFile; fileRef = 7597316823CF79AE00F9EFA5 /* SearchViewController.swift */; };
		7597316B23CF79AE00F9EFA5 /* SearchViewController.xib in Resources */ = {isa = PBXBuildFile; fileRef = 7597316923CF79AE00F9EFA5 /* SearchViewController.xib */; };
		7597317423CF8F7B00F9EFA5 /* ChannelCollectionViewDataSource.swift in Sources */ = {isa = PBXBuildFile; fileRef = 7597317323CF8F7B00F9EFA5 /* ChannelCollectionViewDataSource.swift */; };
		7597317723CF90DF00F9EFA5 /* ChannelsCollectionViewCell.swift in Sources */ = {isa = PBXBuildFile; fileRef = 7597317523CF90DF00F9EFA5 /* ChannelsCollectionViewCell.swift */; };
		7597317823CF90DF00F9EFA5 /* ChannelsCollectionViewCell.xib in Resources */ = {isa = PBXBuildFile; fileRef = 7597317623CF90DF00F9EFA5 /* ChannelsCollectionViewCell.xib */; };
		7597317D23CFB4D800F9EFA5 /* PostTableViewCell.swift in Sources */ = {isa = PBXBuildFile; fileRef = 7597317B23CFB4D800F9EFA5 /* PostTableViewCell.swift */; };
		7597317E23CFB4D800F9EFA5 /* PostTableViewCell.xib in Resources */ = {isa = PBXBuildFile; fileRef = 7597317C23CFB4D800F9EFA5 /* PostTableViewCell.xib */; };
		7597318223CFB88E00F9EFA5 /* PostsTableViewDataSource.swift in Sources */ = {isa = PBXBuildFile; fileRef = 7597318123CFB88E00F9EFA5 /* PostsTableViewDataSource.swift */; };
		7597321023D0A55B00F9EFA5 /* TagsCollectionViewDataSource.swift in Sources */ = {isa = PBXBuildFile; fileRef = 7597320F23D0A55B00F9EFA5 /* TagsCollectionViewDataSource.swift */; };
		7597321323D0A61A00F9EFA5 /* TagsCollectionViewCell.swift in Sources */ = {isa = PBXBuildFile; fileRef = 7597321123D0A61A00F9EFA5 /* TagsCollectionViewCell.swift */; };
		7597321423D0A61A00F9EFA5 /* TagsCollectionViewCell.xib in Resources */ = {isa = PBXBuildFile; fileRef = 7597321223D0A61A00F9EFA5 /* TagsCollectionViewCell.xib */; };
		A42EE84023CE33870046E645 /* AppDelegate.swift in Sources */ = {isa = PBXBuildFile; fileRef = A42EE83F23CE33870046E645 /* AppDelegate.swift */; };
		A42EE84223CE33870046E645 /* SceneDelegate.swift in Sources */ = {isa = PBXBuildFile; fileRef = A42EE84123CE33870046E645 /* SceneDelegate.swift */; };
		A42EE84A23CE33870046E645 /* noodles.xcdatamodeld in Sources */ = {isa = PBXBuildFile; fileRef = A42EE84823CE33870046E645 /* noodles.xcdatamodeld */; };
		A42EE84C23CE338A0046E645 /* Assets.xcassets in Resources */ = {isa = PBXBuildFile; fileRef = A42EE84B23CE338A0046E645 /* Assets.xcassets */; };
		A42EE84F23CE338A0046E645 /* LaunchScreen.storyboard in Resources */ = {isa = PBXBuildFile; fileRef = A42EE84D23CE338A0046E645 /* LaunchScreen.storyboard */; };
		A42EE85A23CE338A0046E645 /* NoodlesTests.swift in Sources */ = {isa = PBXBuildFile; fileRef = A42EE85923CE338A0046E645 /* NoodlesTests.swift */; };
		A42EE86523CE338A0046E645 /* NoodlesUITests.swift in Sources */ = {isa = PBXBuildFile; fileRef = A42EE86423CE338A0046E645 /* NoodlesUITests.swift */; };
		A42EE87523CE34FB0046E645 /* CloudKit.framework in Frameworks */ = {isa = PBXBuildFile; fileRef = A42EE87423CE34FB0046E645 /* CloudKit.framework */; };
		A4FE0D1A23D1F5B10061EEDA /* CloudKitManager.swift in Sources */ = {isa = PBXBuildFile; fileRef = A4FE0D1923D1F5B10061EEDA /* CloudKitManager.swift */; };
		D91B3BB123CE47680005F0CE /* UIColor+Extensions.swift in Sources */ = {isa = PBXBuildFile; fileRef = D91B3BB023CE47680005F0CE /* UIColor+Extensions.swift */; };
		D91B3BB323CE4B160005F0CE /* Constants.swift in Sources */ = {isa = PBXBuildFile; fileRef = D91B3BB223CE4B160005F0CE /* Constants.swift */; };
/* End PBXBuildFile section */

/* Begin PBXContainerItemProxy section */
		A42EE85623CE338A0046E645 /* PBXContainerItemProxy */ = {
			isa = PBXContainerItemProxy;
			containerPortal = A42EE83423CE33870046E645 /* Project object */;
			proxyType = 1;
			remoteGlobalIDString = A42EE83B23CE33870046E645;
			remoteInfo = noodles;
		};
		A42EE86123CE338A0046E645 /* PBXContainerItemProxy */ = {
			isa = PBXContainerItemProxy;
			containerPortal = A42EE83423CE33870046E645 /* Project object */;
			proxyType = 1;
			remoteGlobalIDString = A42EE83B23CE33870046E645;
			remoteInfo = noodles;
		};
/* End PBXContainerItemProxy section */

/* Begin PBXFileReference section */
		4F55FDD523CFAD110032EF0F /* UserModel.swift */ = {isa = PBXFileReference; fileEncoding = 4; lastKnownFileType = sourcecode.swift; path = UserModel.swift; sourceTree = "<group>"; };
		4F55FDD623CFAD110032EF0F /* ChannelModel.swift */ = {isa = PBXFileReference; fileEncoding = 4; lastKnownFileType = sourcecode.swift; path = ChannelModel.swift; sourceTree = "<group>"; };
		4F55FDD723CFAD110032EF0F /* PostModel.swift */ = {isa = PBXFileReference; fileEncoding = 4; lastKnownFileType = sourcecode.swift; path = PostModel.swift; sourceTree = "<group>"; };
		4F55FDD823CFAD110032EF0F /* RankModel.swift */ = {isa = PBXFileReference; fileEncoding = 4; lastKnownFileType = sourcecode.swift; path = RankModel.swift; sourceTree = "<group>"; };
		7597314B23CE6FAF00F9EFA5 /* ChannelsViewController.swift */ = {isa = PBXFileReference; lastKnownFileType = sourcecode.swift; path = ChannelsViewController.swift; sourceTree = "<group>"; };
		7597314C23CE6FAF00F9EFA5 /* ChannelsViewController.xib */ = {isa = PBXFileReference; lastKnownFileType = file.xib; path = ChannelsViewController.xib; sourceTree = "<group>"; };
		7597314F23CEC2F500F9EFA5 /* CustomTabBarController.swift */ = {isa = PBXFileReference; lastKnownFileType = sourcecode.swift; path = CustomTabBarController.swift; sourceTree = "<group>"; };
		7597315023CEC2F500F9EFA5 /* CustomTabBarController.xib */ = {isa = PBXFileReference; lastKnownFileType = file.xib; path = CustomTabBarController.xib; sourceTree = "<group>"; };
		7597315323CECC9B00F9EFA5 /* FeedViewController.swift */ = {isa = PBXFileReference; lastKnownFileType = sourcecode.swift; path = FeedViewController.swift; sourceTree = "<group>"; };
		7597315423CECC9B00F9EFA5 /* FeedViewController.xib */ = {isa = PBXFileReference; lastKnownFileType = file.xib; path = FeedViewController.xib; sourceTree = "<group>"; };
		7597316023CF76DB00F9EFA5 /* SaveViewController.swift */ = {isa = PBXFileReference; lastKnownFileType = sourcecode.swift; path = SaveViewController.swift; sourceTree = "<group>"; };
		7597316123CF76DB00F9EFA5 /* SaveViewController.xib */ = {isa = PBXFileReference; lastKnownFileType = file.xib; path = SaveViewController.xib; sourceTree = "<group>"; };
		7597316423CF798E00F9EFA5 /* ProfileViewController.swift */ = {isa = PBXFileReference; lastKnownFileType = sourcecode.swift; path = ProfileViewController.swift; sourceTree = "<group>"; };
		7597316523CF798E00F9EFA5 /* ProfileViewController.xib */ = {isa = PBXFileReference; lastKnownFileType = file.xib; path = ProfileViewController.xib; sourceTree = "<group>"; };
		7597316823CF79AE00F9EFA5 /* SearchViewController.swift */ = {isa = PBXFileReference; lastKnownFileType = sourcecode.swift; path = SearchViewController.swift; sourceTree = "<group>"; };
		7597316923CF79AE00F9EFA5 /* SearchViewController.xib */ = {isa = PBXFileReference; lastKnownFileType = file.xib; path = SearchViewController.xib; sourceTree = "<group>"; };
		7597317323CF8F7B00F9EFA5 /* ChannelCollectionViewDataSource.swift */ = {isa = PBXFileReference; lastKnownFileType = sourcecode.swift; path = ChannelCollectionViewDataSource.swift; sourceTree = "<group>"; };
		7597317523CF90DF00F9EFA5 /* ChannelsCollectionViewCell.swift */ = {isa = PBXFileReference; lastKnownFileType = sourcecode.swift; path = ChannelsCollectionViewCell.swift; sourceTree = "<group>"; };
		7597317623CF90DF00F9EFA5 /* ChannelsCollectionViewCell.xib */ = {isa = PBXFileReference; lastKnownFileType = file.xib; path = ChannelsCollectionViewCell.xib; sourceTree = "<group>"; };
		7597317B23CFB4D800F9EFA5 /* PostTableViewCell.swift */ = {isa = PBXFileReference; lastKnownFileType = sourcecode.swift; path = PostTableViewCell.swift; sourceTree = "<group>"; };
		7597317C23CFB4D800F9EFA5 /* PostTableViewCell.xib */ = {isa = PBXFileReference; lastKnownFileType = file.xib; path = PostTableViewCell.xib; sourceTree = "<group>"; };
		7597318123CFB88E00F9EFA5 /* PostsTableViewDataSource.swift */ = {isa = PBXFileReference; lastKnownFileType = sourcecode.swift; path = PostsTableViewDataSource.swift; sourceTree = "<group>"; };
		7597320F23D0A55B00F9EFA5 /* TagsCollectionViewDataSource.swift */ = {isa = PBXFileReference; lastKnownFileType = sourcecode.swift; path = TagsCollectionViewDataSource.swift; sourceTree = "<group>"; };
		7597321123D0A61A00F9EFA5 /* TagsCollectionViewCell.swift */ = {isa = PBXFileReference; lastKnownFileType = sourcecode.swift; path = TagsCollectionViewCell.swift; sourceTree = "<group>"; };
		7597321223D0A61A00F9EFA5 /* TagsCollectionViewCell.xib */ = {isa = PBXFileReference; lastKnownFileType = file.xib; path = TagsCollectionViewCell.xib; sourceTree = "<group>"; };
		A42EE83C23CE33870046E645 /* noodles.app */ = {isa = PBXFileReference; explicitFileType = wrapper.application; includeInIndex = 0; path = noodles.app; sourceTree = BUILT_PRODUCTS_DIR; };
		A42EE83F23CE33870046E645 /* AppDelegate.swift */ = {isa = PBXFileReference; lastKnownFileType = sourcecode.swift; path = AppDelegate.swift; sourceTree = "<group>"; };
		A42EE84123CE33870046E645 /* SceneDelegate.swift */ = {isa = PBXFileReference; lastKnownFileType = sourcecode.swift; path = SceneDelegate.swift; sourceTree = "<group>"; };
		A42EE84923CE33870046E645 /* noodles.xcdatamodel */ = {isa = PBXFileReference; lastKnownFileType = wrapper.xcdatamodel; path = noodles.xcdatamodel; sourceTree = "<group>"; };
		A42EE84B23CE338A0046E645 /* Assets.xcassets */ = {isa = PBXFileReference; lastKnownFileType = folder.assetcatalog; path = Assets.xcassets; sourceTree = "<group>"; };
		A42EE84E23CE338A0046E645 /* Base */ = {isa = PBXFileReference; lastKnownFileType = file.storyboard; name = Base; path = Base.lproj/LaunchScreen.storyboard; sourceTree = "<group>"; };
		A42EE85023CE338A0046E645 /* Info.plist */ = {isa = PBXFileReference; lastKnownFileType = text.plist.xml; path = Info.plist; sourceTree = "<group>"; };
		A42EE85523CE338A0046E645 /* noodlesTests.xctest */ = {isa = PBXFileReference; explicitFileType = wrapper.cfbundle; includeInIndex = 0; path = noodlesTests.xctest; sourceTree = BUILT_PRODUCTS_DIR; };
		A42EE85923CE338A0046E645 /* NoodlesTests.swift */ = {isa = PBXFileReference; lastKnownFileType = sourcecode.swift; path = NoodlesTests.swift; sourceTree = "<group>"; };
		A42EE85B23CE338A0046E645 /* Info.plist */ = {isa = PBXFileReference; lastKnownFileType = text.plist.xml; path = Info.plist; sourceTree = "<group>"; };
		A42EE86023CE338A0046E645 /* noodlesUITests.xctest */ = {isa = PBXFileReference; explicitFileType = wrapper.cfbundle; includeInIndex = 0; path = noodlesUITests.xctest; sourceTree = BUILT_PRODUCTS_DIR; };
		A42EE86423CE338A0046E645 /* NoodlesUITests.swift */ = {isa = PBXFileReference; lastKnownFileType = sourcecode.swift; path = NoodlesUITests.swift; sourceTree = "<group>"; };
		A42EE86623CE338A0046E645 /* Info.plist */ = {isa = PBXFileReference; lastKnownFileType = text.plist.xml; path = Info.plist; sourceTree = "<group>"; };
		A42EE87223CE34420046E645 /* noodles.entitlements */ = {isa = PBXFileReference; lastKnownFileType = text.plist.entitlements; path = noodles.entitlements; sourceTree = "<group>"; };
		A42EE87423CE34FB0046E645 /* CloudKit.framework */ = {isa = PBXFileReference; lastKnownFileType = wrapper.framework; name = CloudKit.framework; path = System/Library/Frameworks/CloudKit.framework; sourceTree = SDKROOT; };
		A4FE0D1923D1F5B10061EEDA /* CloudKitManager.swift */ = {isa = PBXFileReference; lastKnownFileType = sourcecode.swift; path = CloudKitManager.swift; sourceTree = "<group>"; };
		D91B3BB023CE47680005F0CE /* UIColor+Extensions.swift */ = {isa = PBXFileReference; lastKnownFileType = sourcecode.swift; path = "UIColor+Extensions.swift"; sourceTree = "<group>"; };
		D91B3BB223CE4B160005F0CE /* Constants.swift */ = {isa = PBXFileReference; lastKnownFileType = sourcecode.swift; path = Constants.swift; sourceTree = "<group>"; };
		D9FE63A223CE7927004ADC29 /* Channel+CoreDataClass.swift */ = {isa = PBXFileReference; lastKnownFileType = sourcecode.swift; path = "Channel+CoreDataClass.swift"; sourceTree = "<group>"; };
		D9FE63A323CE7927004ADC29 /* Channel+CoreDataProperties.swift */ = {isa = PBXFileReference; lastKnownFileType = sourcecode.swift; path = "Channel+CoreDataProperties.swift"; sourceTree = "<group>"; };
		D9FE63A423CE7927004ADC29 /* Rank+CoreDataClass.swift */ = {isa = PBXFileReference; lastKnownFileType = sourcecode.swift; path = "Rank+CoreDataClass.swift"; sourceTree = "<group>"; };
		D9FE63A523CE7927004ADC29 /* Rank+CoreDataProperties.swift */ = {isa = PBXFileReference; lastKnownFileType = sourcecode.swift; path = "Rank+CoreDataProperties.swift"; sourceTree = "<group>"; };
		D9FE63A623CE7927004ADC29 /* Post+CoreDataClass.swift */ = {isa = PBXFileReference; lastKnownFileType = sourcecode.swift; path = "Post+CoreDataClass.swift"; sourceTree = "<group>"; };
		D9FE63A723CE7927004ADC29 /* Post+CoreDataProperties.swift */ = {isa = PBXFileReference; lastKnownFileType = sourcecode.swift; path = "Post+CoreDataProperties.swift"; sourceTree = "<group>"; };
		D9FE63A823CE7927004ADC29 /* User+CoreDataClass.swift */ = {isa = PBXFileReference; lastKnownFileType = sourcecode.swift; path = "User+CoreDataClass.swift"; sourceTree = "<group>"; };
		D9FE63A923CE7927004ADC29 /* User+CoreDataProperties.swift */ = {isa = PBXFileReference; lastKnownFileType = sourcecode.swift; path = "User+CoreDataProperties.swift"; sourceTree = "<group>"; };
/* End PBXFileReference section */

/* Begin PBXFrameworksBuildPhase section */
		A42EE83923CE33870046E645 /* Frameworks */ = {
			isa = PBXFrameworksBuildPhase;
			buildActionMask = 2147483647;
			files = (
				A42EE87523CE34FB0046E645 /* CloudKit.framework in Frameworks */,
			);
			runOnlyForDeploymentPostprocessing = 0;
		};
		A42EE85223CE338A0046E645 /* Frameworks */ = {
			isa = PBXFrameworksBuildPhase;
			buildActionMask = 2147483647;
			files = (
			);
			runOnlyForDeploymentPostprocessing = 0;
		};
		A42EE85D23CE338A0046E645 /* Frameworks */ = {
			isa = PBXFrameworksBuildPhase;
			buildActionMask = 2147483647;
			files = (
			);
			runOnlyForDeploymentPostprocessing = 0;
		};
/* End PBXFrameworksBuildPhase section */

/* Begin PBXGroup section */
		7597316C23CF8E5C00F9EFA5 /* Channels */ = {
			isa = PBXGroup;
			children = (
				7597317923CF90E900F9EFA5 /* Cell */,
				7597314B23CE6FAF00F9EFA5 /* ChannelsViewController.swift */,
				7597317323CF8F7B00F9EFA5 /* ChannelCollectionViewDataSource.swift */,
				7597314C23CE6FAF00F9EFA5 /* ChannelsViewController.xib */,
			);
			path = Channels;
			sourceTree = "<group>";
		};
		7597316D23CF8E7200F9EFA5 /* Feed */ = {
			isa = PBXGroup;
			children = (
				7597317A23CFB42200F9EFA5 /* Cell */,
				7597315323CECC9B00F9EFA5 /* FeedViewController.swift */,
				7597318123CFB88E00F9EFA5 /* PostsTableViewDataSource.swift */,
				7597315423CECC9B00F9EFA5 /* FeedViewController.xib */,
			);
			path = Feed;
			sourceTree = "<group>";
		};
		7597316E23CF8E7F00F9EFA5 /* TabBar */ = {
			isa = PBXGroup;
			children = (
				7597314F23CEC2F500F9EFA5 /* CustomTabBarController.swift */,
				7597315023CEC2F500F9EFA5 /* CustomTabBarController.xib */,
			);
			path = TabBar;
			sourceTree = "<group>";
		};
		7597316F23CF8E9700F9EFA5 /* Saved */ = {
			isa = PBXGroup;
			children = (
				7597316023CF76DB00F9EFA5 /* SaveViewController.swift */,
				7597316123CF76DB00F9EFA5 /* SaveViewController.xib */,
			);
			path = Saved;
			sourceTree = "<group>";
		};
		7597317023CF8EA000F9EFA5 /* Profile */ = {
			isa = PBXGroup;
			children = (
				7597316423CF798E00F9EFA5 /* ProfileViewController.swift */,
				7597316523CF798E00F9EFA5 /* ProfileViewController.xib */,
			);
			path = Profile;
			sourceTree = "<group>";
		};
		7597317123CF8EA900F9EFA5 /* Search */ = {
			isa = PBXGroup;
			children = (
				7597316823CF79AE00F9EFA5 /* SearchViewController.swift */,
				7597316923CF79AE00F9EFA5 /* SearchViewController.xib */,
			);
			path = Search;
			sourceTree = "<group>";
		};
		7597317223CF8EDB00F9EFA5 /* View + ViewModel */ = {
			isa = PBXGroup;
			children = (
				7597316C23CF8E5C00F9EFA5 /* Channels */,
				7597316D23CF8E7200F9EFA5 /* Feed */,
				7597316E23CF8E7F00F9EFA5 /* TabBar */,
				7597316F23CF8E9700F9EFA5 /* Saved */,
				7597317023CF8EA000F9EFA5 /* Profile */,
				7597317123CF8EA900F9EFA5 /* Search */,
			);
			path = "View + ViewModel";
			sourceTree = "<group>";
		};
		7597317923CF90E900F9EFA5 /* Cell */ = {
			isa = PBXGroup;
			children = (
				7597317523CF90DF00F9EFA5 /* ChannelsCollectionViewCell.swift */,
				7597317623CF90DF00F9EFA5 /* ChannelsCollectionViewCell.xib */,
			);
			path = Cell;
			sourceTree = "<group>";
		};
		7597317A23CFB42200F9EFA5 /* Cell */ = {
			isa = PBXGroup;
			children = (
				7597317B23CFB4D800F9EFA5 /* PostTableViewCell.swift */,
				7597317C23CFB4D800F9EFA5 /* PostTableViewCell.xib */,
				7597320F23D0A55B00F9EFA5 /* TagsCollectionViewDataSource.swift */,
				7597321123D0A61A00F9EFA5 /* TagsCollectionViewCell.swift */,
				7597321223D0A61A00F9EFA5 /* TagsCollectionViewCell.xib */,
			);
			path = Cell;
			sourceTree = "<group>";
		};
		759731C823CFC18700F9EFA5 /* Font */ = {
			isa = PBXGroup;
			children = (
			);
			name = Font;
			sourceTree = "<group>";
		};
		A42EE83323CE33870046E645 = {
			isa = PBXGroup;
			children = (
				A42EE83E23CE33870046E645 /* noodles */,
				A42EE85823CE338A0046E645 /* noodlesTests */,
				A42EE86323CE338A0046E645 /* noodlesUITests */,
				A42EE83D23CE33870046E645 /* Products */,
				A42EE87323CE34FB0046E645 /* Frameworks */,
			);
			sourceTree = "<group>";
		};
		A42EE83D23CE33870046E645 /* Products */ = {
			isa = PBXGroup;
			children = (
				A42EE83C23CE33870046E645 /* noodles.app */,
				A42EE85523CE338A0046E645 /* noodlesTests.xctest */,
				A42EE86023CE338A0046E645 /* noodlesUITests.xctest */,
			);
			name = Products;
			sourceTree = "<group>";
		};
		A42EE83E23CE33870046E645 /* noodles */ = {
			isa = PBXGroup;
			children = (
				A4FE0D1723D1F5890061EEDA /* CloudKit */,
				A483A21023CFAB3500C7EB56 /* Interactors */,
				A483A20F23CFAB3100C7EB56 /* Models */,
				A483A20E23CFAB1200C7EB56 /* Coordinators */,
				D9FE63B223CE792E004ADC29 /* Core Data */,
				D91B3BAF23CE47400005F0CE /* Helpers */,
				7597317223CF8EDB00F9EFA5 /* View + ViewModel */,
				A42EE87223CE34420046E645 /* noodles.entitlements */,
				A42EE83F23CE33870046E645 /* AppDelegate.swift */,
				A42EE84123CE33870046E645 /* SceneDelegate.swift */,
				A42EE84B23CE338A0046E645 /* Assets.xcassets */,
				A42EE84D23CE338A0046E645 /* LaunchScreen.storyboard */,
				A42EE85023CE338A0046E645 /* Info.plist */,
				759731C823CFC18700F9EFA5 /* Font */,
			);
			path = noodles;
			sourceTree = "<group>";
		};
		A42EE85823CE338A0046E645 /* noodlesTests */ = {
			isa = PBXGroup;
			children = (
				A42EE85923CE338A0046E645 /* NoodlesTests.swift */,
				A42EE85B23CE338A0046E645 /* Info.plist */,
			);
			path = noodlesTests;
			sourceTree = "<group>";
		};
		A42EE86323CE338A0046E645 /* noodlesUITests */ = {
			isa = PBXGroup;
			children = (
				A42EE86423CE338A0046E645 /* NoodlesUITests.swift */,
				A42EE86623CE338A0046E645 /* Info.plist */,
			);
			path = noodlesUITests;
			sourceTree = "<group>";
		};
		A42EE87323CE34FB0046E645 /* Frameworks */ = {
			isa = PBXGroup;
			children = (
				A42EE87423CE34FB0046E645 /* CloudKit.framework */,
			);
			name = Frameworks;
			sourceTree = "<group>";
		};
		A483A20E23CFAB1200C7EB56 /* Coordinators */ = {
			isa = PBXGroup;
			children = (
			);
			path = Coordinators;
			sourceTree = "<group>";
		};
		A483A20F23CFAB3100C7EB56 /* Models */ = {
			isa = PBXGroup;
			children = (
				4F55FDD623CFAD110032EF0F /* ChannelModel.swift */,
				4F55FDD723CFAD110032EF0F /* PostModel.swift */,
				4F55FDD823CFAD110032EF0F /* RankModel.swift */,
				4F55FDD523CFAD110032EF0F /* UserModel.swift */,
			);
			path = Models;
			sourceTree = "<group>";
		};
		A483A21023CFAB3500C7EB56 /* Interactors */ = {
			isa = PBXGroup;
			children = (
			);
			path = Interactors;
			sourceTree = "<group>";
		};
		A4FE0D1723D1F5890061EEDA /* CloudKit */ = {
			isa = PBXGroup;
			children = (
				A4FE0D1923D1F5B10061EEDA /* CloudKitManager.swift */,
			);
			path = CloudKit;
			sourceTree = "<group>";
		};
		D91B3BAF23CE47400005F0CE /* Helpers */ = {
			isa = PBXGroup;
			children = (
				D91B3BB023CE47680005F0CE /* UIColor+Extensions.swift */,
				D91B3BB223CE4B160005F0CE /* Constants.swift */,
			);
			path = Helpers;
			sourceTree = "<group>";
		};
		D9FE63B223CE792E004ADC29 /* Core Data */ = {
			isa = PBXGroup;
			children = (
				D9FE63A223CE7927004ADC29 /* Channel+CoreDataClass.swift */,
				D9FE63A323CE7927004ADC29 /* Channel+CoreDataProperties.swift */,
				D9FE63A423CE7927004ADC29 /* Rank+CoreDataClass.swift */,
				D9FE63A523CE7927004ADC29 /* Rank+CoreDataProperties.swift */,
				D9FE63A623CE7927004ADC29 /* Post+CoreDataClass.swift */,
				D9FE63A723CE7927004ADC29 /* Post+CoreDataProperties.swift */,
				D9FE63A823CE7927004ADC29 /* User+CoreDataClass.swift */,
				D9FE63A923CE7927004ADC29 /* User+CoreDataProperties.swift */,
				A42EE84823CE33870046E645 /* noodles.xcdatamodeld */,
			);
			path = "Core Data";
			sourceTree = "<group>";
		};
/* End PBXGroup section */

/* Begin PBXNativeTarget section */
		A42EE83B23CE33870046E645 /* noodles */ = {
			isa = PBXNativeTarget;
			buildConfigurationList = A42EE86923CE338A0046E645 /* Build configuration list for PBXNativeTarget "noodles" */;
			buildPhases = (
				A42EE83823CE33870046E645 /* Sources */,
				A42EE83923CE33870046E645 /* Frameworks */,
				A42EE83A23CE33870046E645 /* Resources */,
				A42EE87623CE379F0046E645 /* SwiftLint */,
			);
			buildRules = (
			);
			dependencies = (
			);
			name = noodles;
			productName = noodles;
			productReference = A42EE83C23CE33870046E645 /* noodles.app */;
			productType = "com.apple.product-type.application";
		};
		A42EE85423CE338A0046E645 /* noodlesTests */ = {
			isa = PBXNativeTarget;
			buildConfigurationList = A42EE86C23CE338A0046E645 /* Build configuration list for PBXNativeTarget "noodlesTests" */;
			buildPhases = (
				A42EE85123CE338A0046E645 /* Sources */,
				A42EE85223CE338A0046E645 /* Frameworks */,
				A42EE85323CE338A0046E645 /* Resources */,
			);
			buildRules = (
			);
			dependencies = (
				A42EE85723CE338A0046E645 /* PBXTargetDependency */,
			);
			name = noodlesTests;
			productName = noodlesTests;
			productReference = A42EE85523CE338A0046E645 /* noodlesTests.xctest */;
			productType = "com.apple.product-type.bundle.unit-test";
		};
		A42EE85F23CE338A0046E645 /* noodlesUITests */ = {
			isa = PBXNativeTarget;
			buildConfigurationList = A42EE86F23CE338A0046E645 /* Build configuration list for PBXNativeTarget "noodlesUITests" */;
			buildPhases = (
				A42EE85C23CE338A0046E645 /* Sources */,
				A42EE85D23CE338A0046E645 /* Frameworks */,
				A42EE85E23CE338A0046E645 /* Resources */,
			);
			buildRules = (
			);
			dependencies = (
				A42EE86223CE338A0046E645 /* PBXTargetDependency */,
			);
			name = noodlesUITests;
			productName = noodlesUITests;
			productReference = A42EE86023CE338A0046E645 /* noodlesUITests.xctest */;
			productType = "com.apple.product-type.bundle.ui-testing";
		};
/* End PBXNativeTarget section */

/* Begin PBXProject section */
		A42EE83423CE33870046E645 /* Project object */ = {
			isa = PBXProject;
			attributes = {
				LastSwiftUpdateCheck = 1130;
				LastUpgradeCheck = 1130;
				ORGANIZATIONNAME = "Artur Carneiro";
				TargetAttributes = {
					A42EE83B23CE33870046E645 = {
						CreatedOnToolsVersion = 11.3;
					};
					A42EE85423CE338A0046E645 = {
						CreatedOnToolsVersion = 11.3;
						TestTargetID = A42EE83B23CE33870046E645;
					};
					A42EE85F23CE338A0046E645 = {
						CreatedOnToolsVersion = 11.3;
						TestTargetID = A42EE83B23CE33870046E645;
					};
				};
			};
			buildConfigurationList = A42EE83723CE33870046E645 /* Build configuration list for PBXProject "noodles" */;
			compatibilityVersion = "Xcode 9.3";
			developmentRegion = en;
			hasScannedForEncodings = 0;
			knownRegions = (
				en,
				Base,
			);
			mainGroup = A42EE83323CE33870046E645;
			productRefGroup = A42EE83D23CE33870046E645 /* Products */;
			projectDirPath = "";
			projectRoot = "";
			targets = (
				A42EE83B23CE33870046E645 /* noodles */,
				A42EE85423CE338A0046E645 /* noodlesTests */,
				A42EE85F23CE338A0046E645 /* noodlesUITests */,
			);
		};
/* End PBXProject section */

/* Begin PBXResourcesBuildPhase section */
		A42EE83A23CE33870046E645 /* Resources */ = {
			isa = PBXResourcesBuildPhase;
			buildActionMask = 2147483647;
			files = (
				7597316723CF798E00F9EFA5 /* ProfileViewController.xib in Resources */,
				7597317E23CFB4D800F9EFA5 /* PostTableViewCell.xib in Resources */,
				A42EE84F23CE338A0046E645 /* LaunchScreen.storyboard in Resources */,
				7597315623CECC9B00F9EFA5 /* FeedViewController.xib in Resources */,
				7597314E23CE6FAF00F9EFA5 /* ChannelsViewController.xib in Resources */,
				7597321423D0A61A00F9EFA5 /* TagsCollectionViewCell.xib in Resources */,
				7597315223CEC2F500F9EFA5 /* CustomTabBarController.xib in Resources */,
				7597317823CF90DF00F9EFA5 /* ChannelsCollectionViewCell.xib in Resources */,
				A42EE84C23CE338A0046E645 /* Assets.xcassets in Resources */,
				7597316B23CF79AE00F9EFA5 /* SearchViewController.xib in Resources */,
				7597316323CF76DB00F9EFA5 /* SaveViewController.xib in Resources */,
			);
			runOnlyForDeploymentPostprocessing = 0;
		};
		A42EE85323CE338A0046E645 /* Resources */ = {
			isa = PBXResourcesBuildPhase;
			buildActionMask = 2147483647;
			files = (
			);
			runOnlyForDeploymentPostprocessing = 0;
		};
		A42EE85E23CE338A0046E645 /* Resources */ = {
			isa = PBXResourcesBuildPhase;
			buildActionMask = 2147483647;
			files = (
			);
			runOnlyForDeploymentPostprocessing = 0;
		};
/* End PBXResourcesBuildPhase section */

/* Begin PBXShellScriptBuildPhase section */
		A42EE87623CE379F0046E645 /* SwiftLint */ = {
			isa = PBXShellScriptBuildPhase;
			buildActionMask = 2147483647;
			files = (
			);
			inputFileListPaths = (
			);
			inputPaths = (
			);
			name = SwiftLint;
			outputFileListPaths = (
			);
			outputPaths = (
			);
			runOnlyForDeploymentPostprocessing = 0;
			shellPath = /bin/sh;
			shellScript = "if which swiftlint >/dev/null; then\n  swiftlint\nelse\n  echo \"warning: SwiftLint not installed, download from https://github.com/realm/SwiftLint\"\nfi\n";
		};
/* End PBXShellScriptBuildPhase section */

/* Begin PBXSourcesBuildPhase section */
		A42EE83823CE33870046E645 /* Sources */ = {
			isa = PBXSourcesBuildPhase;
			buildActionMask = 2147483647;
			files = (
				7597314D23CE6FAF00F9EFA5 /* ChannelsViewController.swift in Sources */,
				4F55FDDB23CFAD110032EF0F /* PostModel.swift in Sources */,
				7597316A23CF79AE00F9EFA5 /* SearchViewController.swift in Sources */,
				7597318223CFB88E00F9EFA5 /* PostsTableViewDataSource.swift in Sources */,
				7597317723CF90DF00F9EFA5 /* ChannelsCollectionViewCell.swift in Sources */,
				7597315123CEC2F500F9EFA5 /* CustomTabBarController.swift in Sources */,
				4F55FDDC23CFAD110032EF0F /* RankModel.swift in Sources */,
				7597316623CF798E00F9EFA5 /* ProfileViewController.swift in Sources */,
				A42EE84A23CE33870046E645 /* noodles.xcdatamodeld in Sources */,
				D91B3BB123CE47680005F0CE /* UIColor+Extensions.swift in Sources */,
				4F55FDDA23CFAD110032EF0F /* ChannelModel.swift in Sources */,
				7597316223CF76DB00F9EFA5 /* SaveViewController.swift in Sources */,
				4F55FDD923CFAD110032EF0F /* UserModel.swift in Sources */,
				A42EE84023CE33870046E645 /* AppDelegate.swift in Sources */,
				A42EE84223CE33870046E645 /* SceneDelegate.swift in Sources */,
				A4FE0D1A23D1F5B10061EEDA /* CloudKitManager.swift in Sources */,
				7597315523CECC9B00F9EFA5 /* FeedViewController.swift in Sources */,
				7597321323D0A61A00F9EFA5 /* TagsCollectionViewCell.swift in Sources */,
				D91B3BB323CE4B160005F0CE /* Constants.swift in Sources */,
				7597317423CF8F7B00F9EFA5 /* ChannelCollectionViewDataSource.swift in Sources */,
				7597321023D0A55B00F9EFA5 /* TagsCollectionViewDataSource.swift in Sources */,
				7597317D23CFB4D800F9EFA5 /* PostTableViewCell.swift in Sources */,
			);
			runOnlyForDeploymentPostprocessing = 0;
		};
		A42EE85123CE338A0046E645 /* Sources */ = {
			isa = PBXSourcesBuildPhase;
			buildActionMask = 2147483647;
			files = (
				A42EE85A23CE338A0046E645 /* NoodlesTests.swift in Sources */,
			);
			runOnlyForDeploymentPostprocessing = 0;
		};
		A42EE85C23CE338A0046E645 /* Sources */ = {
			isa = PBXSourcesBuildPhase;
			buildActionMask = 2147483647;
			files = (
				A42EE86523CE338A0046E645 /* NoodlesUITests.swift in Sources */,
			);
			runOnlyForDeploymentPostprocessing = 0;
		};
/* End PBXSourcesBuildPhase section */

/* Begin PBXTargetDependency section */
		A42EE85723CE338A0046E645 /* PBXTargetDependency */ = {
			isa = PBXTargetDependency;
			target = A42EE83B23CE33870046E645 /* noodles */;
			targetProxy = A42EE85623CE338A0046E645 /* PBXContainerItemProxy */;
		};
		A42EE86223CE338A0046E645 /* PBXTargetDependency */ = {
			isa = PBXTargetDependency;
			target = A42EE83B23CE33870046E645 /* noodles */;
			targetProxy = A42EE86123CE338A0046E645 /* PBXContainerItemProxy */;
		};
/* End PBXTargetDependency section */

/* Begin PBXVariantGroup section */
		A42EE84D23CE338A0046E645 /* LaunchScreen.storyboard */ = {
			isa = PBXVariantGroup;
			children = (
				A42EE84E23CE338A0046E645 /* Base */,
			);
			name = LaunchScreen.storyboard;
			sourceTree = "<group>";
		};
/* End PBXVariantGroup section */

/* Begin XCBuildConfiguration section */
		A42EE86723CE338A0046E645 /* Debug */ = {
			isa = XCBuildConfiguration;
			buildSettings = {
				ALWAYS_SEARCH_USER_PATHS = NO;
				CLANG_ANALYZER_NONNULL = YES;
				CLANG_ANALYZER_NUMBER_OBJECT_CONVERSION = YES_AGGRESSIVE;
				CLANG_CXX_LANGUAGE_STANDARD = "gnu++14";
				CLANG_CXX_LIBRARY = "libc++";
				CLANG_ENABLE_MODULES = YES;
				CLANG_ENABLE_OBJC_ARC = YES;
				CLANG_ENABLE_OBJC_WEAK = YES;
				CLANG_WARN_BLOCK_CAPTURE_AUTORELEASING = YES;
				CLANG_WARN_BOOL_CONVERSION = YES;
				CLANG_WARN_COMMA = YES;
				CLANG_WARN_CONSTANT_CONVERSION = YES;
				CLANG_WARN_DEPRECATED_OBJC_IMPLEMENTATIONS = YES;
				CLANG_WARN_DIRECT_OBJC_ISA_USAGE = YES_ERROR;
				CLANG_WARN_DOCUMENTATION_COMMENTS = YES;
				CLANG_WARN_EMPTY_BODY = YES;
				CLANG_WARN_ENUM_CONVERSION = YES;
				CLANG_WARN_INFINITE_RECURSION = YES;
				CLANG_WARN_INT_CONVERSION = YES;
				CLANG_WARN_NON_LITERAL_NULL_CONVERSION = YES;
				CLANG_WARN_OBJC_IMPLICIT_RETAIN_SELF = YES;
				CLANG_WARN_OBJC_LITERAL_CONVERSION = YES;
				CLANG_WARN_OBJC_ROOT_CLASS = YES_ERROR;
				CLANG_WARN_RANGE_LOOP_ANALYSIS = YES;
				CLANG_WARN_STRICT_PROTOTYPES = YES;
				CLANG_WARN_SUSPICIOUS_MOVE = YES;
				CLANG_WARN_UNGUARDED_AVAILABILITY = YES_AGGRESSIVE;
				CLANG_WARN_UNREACHABLE_CODE = YES;
				CLANG_WARN__DUPLICATE_METHOD_MATCH = YES;
				COPY_PHASE_STRIP = NO;
				DEBUG_INFORMATION_FORMAT = dwarf;
				ENABLE_STRICT_OBJC_MSGSEND = YES;
				ENABLE_TESTABILITY = YES;
				GCC_C_LANGUAGE_STANDARD = gnu11;
				GCC_DYNAMIC_NO_PIC = NO;
				GCC_NO_COMMON_BLOCKS = YES;
				GCC_OPTIMIZATION_LEVEL = 0;
				GCC_PREPROCESSOR_DEFINITIONS = (
					"DEBUG=1",
					"$(inherited)",
				);
				GCC_WARN_64_TO_32_BIT_CONVERSION = YES;
				GCC_WARN_ABOUT_RETURN_TYPE = YES_ERROR;
				GCC_WARN_UNDECLARED_SELECTOR = YES;
				GCC_WARN_UNINITIALIZED_AUTOS = YES_AGGRESSIVE;
				GCC_WARN_UNUSED_FUNCTION = YES;
				GCC_WARN_UNUSED_VARIABLE = YES;
				IPHONEOS_DEPLOYMENT_TARGET = 13.2;
				MTL_ENABLE_DEBUG_INFO = INCLUDE_SOURCE;
				MTL_FAST_MATH = YES;
				ONLY_ACTIVE_ARCH = YES;
				SDKROOT = iphoneos;
				SWIFT_ACTIVE_COMPILATION_CONDITIONS = DEBUG;
				SWIFT_OPTIMIZATION_LEVEL = "-Onone";
			};
			name = Debug;
		};
		A42EE86823CE338A0046E645 /* Release */ = {
			isa = XCBuildConfiguration;
			buildSettings = {
				ALWAYS_SEARCH_USER_PATHS = NO;
				CLANG_ANALYZER_NONNULL = YES;
				CLANG_ANALYZER_NUMBER_OBJECT_CONVERSION = YES_AGGRESSIVE;
				CLANG_CXX_LANGUAGE_STANDARD = "gnu++14";
				CLANG_CXX_LIBRARY = "libc++";
				CLANG_ENABLE_MODULES = YES;
				CLANG_ENABLE_OBJC_ARC = YES;
				CLANG_ENABLE_OBJC_WEAK = YES;
				CLANG_WARN_BLOCK_CAPTURE_AUTORELEASING = YES;
				CLANG_WARN_BOOL_CONVERSION = YES;
				CLANG_WARN_COMMA = YES;
				CLANG_WARN_CONSTANT_CONVERSION = YES;
				CLANG_WARN_DEPRECATED_OBJC_IMPLEMENTATIONS = YES;
				CLANG_WARN_DIRECT_OBJC_ISA_USAGE = YES_ERROR;
				CLANG_WARN_DOCUMENTATION_COMMENTS = YES;
				CLANG_WARN_EMPTY_BODY = YES;
				CLANG_WARN_ENUM_CONVERSION = YES;
				CLANG_WARN_INFINITE_RECURSION = YES;
				CLANG_WARN_INT_CONVERSION = YES;
				CLANG_WARN_NON_LITERAL_NULL_CONVERSION = YES;
				CLANG_WARN_OBJC_IMPLICIT_RETAIN_SELF = YES;
				CLANG_WARN_OBJC_LITERAL_CONVERSION = YES;
				CLANG_WARN_OBJC_ROOT_CLASS = YES_ERROR;
				CLANG_WARN_RANGE_LOOP_ANALYSIS = YES;
				CLANG_WARN_STRICT_PROTOTYPES = YES;
				CLANG_WARN_SUSPICIOUS_MOVE = YES;
				CLANG_WARN_UNGUARDED_AVAILABILITY = YES_AGGRESSIVE;
				CLANG_WARN_UNREACHABLE_CODE = YES;
				CLANG_WARN__DUPLICATE_METHOD_MATCH = YES;
				COPY_PHASE_STRIP = NO;
				DEBUG_INFORMATION_FORMAT = "dwarf-with-dsym";
				ENABLE_NS_ASSERTIONS = NO;
				ENABLE_STRICT_OBJC_MSGSEND = YES;
				GCC_C_LANGUAGE_STANDARD = gnu11;
				GCC_NO_COMMON_BLOCKS = YES;
				GCC_WARN_64_TO_32_BIT_CONVERSION = YES;
				GCC_WARN_ABOUT_RETURN_TYPE = YES_ERROR;
				GCC_WARN_UNDECLARED_SELECTOR = YES;
				GCC_WARN_UNINITIALIZED_AUTOS = YES_AGGRESSIVE;
				GCC_WARN_UNUSED_FUNCTION = YES;
				GCC_WARN_UNUSED_VARIABLE = YES;
				IPHONEOS_DEPLOYMENT_TARGET = 13.2;
				MTL_ENABLE_DEBUG_INFO = NO;
				MTL_FAST_MATH = YES;
				SDKROOT = iphoneos;
				SWIFT_COMPILATION_MODE = wholemodule;
				SWIFT_OPTIMIZATION_LEVEL = "-O";
				VALIDATE_PRODUCT = YES;
			};
			name = Release;
		};
		A42EE86A23CE338A0046E645 /* Debug */ = {
			isa = XCBuildConfiguration;
			buildSettings = {
				ASSETCATALOG_COMPILER_APPICON_NAME = AppIcon;
				CODE_SIGN_ENTITLEMENTS = noodles/noodles.entitlements;
				CODE_SIGN_STYLE = Automatic;
				DEVELOPMENT_TEAM = L76X5KFZD9;
				INFOPLIST_FILE = noodles/Info.plist;
				IPHONEOS_DEPLOYMENT_TARGET = 13.0;
				LD_RUNPATH_SEARCH_PATHS = (
					"$(inherited)",
					"@executable_path/Frameworks",
				);
				PRODUCT_BUNDLE_IDENTIFIER = com.csfa.noodles;
				PRODUCT_NAME = "$(TARGET_NAME)";
				SWIFT_VERSION = 5.0;
				TARGETED_DEVICE_FAMILY = "1,2";
			};
			name = Debug;
		};
		A42EE86B23CE338A0046E645 /* Release */ = {
			isa = XCBuildConfiguration;
			buildSettings = {
				ASSETCATALOG_COMPILER_APPICON_NAME = AppIcon;
				CODE_SIGN_ENTITLEMENTS = noodles/noodles.entitlements;
				CODE_SIGN_STYLE = Automatic;
				DEVELOPMENT_TEAM = 93JG72P729;
				INFOPLIST_FILE = noodles/Info.plist;
				IPHONEOS_DEPLOYMENT_TARGET = 13.0;
				LD_RUNPATH_SEARCH_PATHS = (
					"$(inherited)",
					"@executable_path/Frameworks",
				);
				PRODUCT_BUNDLE_IDENTIFIER = com.csfa.noodles;
				PRODUCT_NAME = "$(TARGET_NAME)";
				SWIFT_VERSION = 5.0;
				TARGETED_DEVICE_FAMILY = "1,2";
			};
			name = Release;
		};
		A42EE86D23CE338A0046E645 /* Debug */ = {
			isa = XCBuildConfiguration;
			buildSettings = {
				ALWAYS_EMBED_SWIFT_STANDARD_LIBRARIES = YES;
				BUNDLE_LOADER = "$(TEST_HOST)";
				CODE_SIGN_STYLE = Automatic;
				DEVELOPMENT_TEAM = L76X5KFZD9;
				INFOPLIST_FILE = noodlesTests/Info.plist;
				IPHONEOS_DEPLOYMENT_TARGET = 13.2;
				LD_RUNPATH_SEARCH_PATHS = (
					"$(inherited)",
					"@executable_path/Frameworks",
					"@loader_path/Frameworks",
				);
				PRODUCT_BUNDLE_IDENTIFIER = com.csfa.noodlesTests;
				PRODUCT_NAME = "$(TARGET_NAME)";
				SWIFT_VERSION = 5.0;
				TARGETED_DEVICE_FAMILY = "1,2";
				TEST_HOST = "$(BUILT_PRODUCTS_DIR)/noodles.app/noodles";
			};
			name = Debug;
		};
		A42EE86E23CE338A0046E645 /* Release */ = {
			isa = XCBuildConfiguration;
			buildSettings = {
				ALWAYS_EMBED_SWIFT_STANDARD_LIBRARIES = YES;
				BUNDLE_LOADER = "$(TEST_HOST)";
				CODE_SIGN_STYLE = Automatic;
				DEVELOPMENT_TEAM = L76X5KFZD9;
				INFOPLIST_FILE = noodlesTests/Info.plist;
				IPHONEOS_DEPLOYMENT_TARGET = 13.2;
				LD_RUNPATH_SEARCH_PATHS = (
					"$(inherited)",
					"@executable_path/Frameworks",
					"@loader_path/Frameworks",
				);
				PRODUCT_BUNDLE_IDENTIFIER = com.csfa.noodlesTests;
				PRODUCT_NAME = "$(TARGET_NAME)";
				SWIFT_VERSION = 5.0;
				TARGETED_DEVICE_FAMILY = "1,2";
				TEST_HOST = "$(BUILT_PRODUCTS_DIR)/noodles.app/noodles";
			};
			name = Release;
		};
		A42EE87023CE338A0046E645 /* Debug */ = {
			isa = XCBuildConfiguration;
			buildSettings = {
				ALWAYS_EMBED_SWIFT_STANDARD_LIBRARIES = YES;
				CODE_SIGN_STYLE = Automatic;
				DEVELOPMENT_TEAM = L76X5KFZD9;
				INFOPLIST_FILE = noodlesUITests/Info.plist;
				LD_RUNPATH_SEARCH_PATHS = (
					"$(inherited)",
					"@executable_path/Frameworks",
					"@loader_path/Frameworks",
				);
				PRODUCT_BUNDLE_IDENTIFIER = com.csfa.noodlesUITests;
				PRODUCT_NAME = "$(TARGET_NAME)";
				SWIFT_VERSION = 5.0;
				TARGETED_DEVICE_FAMILY = "1,2";
				TEST_TARGET_NAME = noodles;
			};
			name = Debug;
		};
		A42EE87123CE338A0046E645 /* Release */ = {
			isa = XCBuildConfiguration;
			buildSettings = {
				ALWAYS_EMBED_SWIFT_STANDARD_LIBRARIES = YES;
				CODE_SIGN_STYLE = Automatic;
				DEVELOPMENT_TEAM = L76X5KFZD9;
				INFOPLIST_FILE = noodlesUITests/Info.plist;
				LD_RUNPATH_SEARCH_PATHS = (
					"$(inherited)",
					"@executable_path/Frameworks",
					"@loader_path/Frameworks",
				);
				PRODUCT_BUNDLE_IDENTIFIER = com.csfa.noodlesUITests;
				PRODUCT_NAME = "$(TARGET_NAME)";
				SWIFT_VERSION = 5.0;
				TARGETED_DEVICE_FAMILY = "1,2";
				TEST_TARGET_NAME = noodles;
			};
			name = Release;
		};
/* End XCBuildConfiguration section */

/* Begin XCConfigurationList section */
		A42EE83723CE33870046E645 /* Build configuration list for PBXProject "noodles" */ = {
			isa = XCConfigurationList;
			buildConfigurations = (
				A42EE86723CE338A0046E645 /* Debug */,
				A42EE86823CE338A0046E645 /* Release */,
			);
			defaultConfigurationIsVisible = 0;
			defaultConfigurationName = Release;
		};
		A42EE86923CE338A0046E645 /* Build configuration list for PBXNativeTarget "noodles" */ = {
			isa = XCConfigurationList;
			buildConfigurations = (
				A42EE86A23CE338A0046E645 /* Debug */,
				A42EE86B23CE338A0046E645 /* Release */,
			);
			defaultConfigurationIsVisible = 0;
			defaultConfigurationName = Release;
		};
		A42EE86C23CE338A0046E645 /* Build configuration list for PBXNativeTarget "noodlesTests" */ = {
			isa = XCConfigurationList;
			buildConfigurations = (
				A42EE86D23CE338A0046E645 /* Debug */,
				A42EE86E23CE338A0046E645 /* Release */,
			);
			defaultConfigurationIsVisible = 0;
			defaultConfigurationName = Release;
		};
		A42EE86F23CE338A0046E645 /* Build configuration list for PBXNativeTarget "noodlesUITests" */ = {
			isa = XCConfigurationList;
			buildConfigurations = (
				A42EE87023CE338A0046E645 /* Debug */,
				A42EE87123CE338A0046E645 /* Release */,
			);
			defaultConfigurationIsVisible = 0;
			defaultConfigurationName = Release;
		};
/* End XCConfigurationList section */

/* Begin XCVersionGroup section */
		A42EE84823CE33870046E645 /* noodles.xcdatamodeld */ = {
			isa = XCVersionGroup;
			children = (
				A42EE84923CE33870046E645 /* noodles.xcdatamodel */,
			);
			currentVersion = A42EE84923CE33870046E645 /* noodles.xcdatamodel */;
			path = noodles.xcdatamodeld;
			sourceTree = "<group>";
			versionGroupType = wrapper.xcdatamodel;
		};
/* End XCVersionGroup section */
	};
	rootObject = A42EE83423CE33870046E645 /* Project object */;
}
