// !$*UTF8*$!
{
	archiveVersion = 1;
	classes = {
	};
	objectVersion = 50;
	objects = {

/* Begin PBXBuildFile section */
		4F55FDAA23CE58F00032EF0F /* MockManager.swift in Sources */ = {isa = PBXBuildFile; fileRef = 4F55FDA923CE58F00032EF0F /* MockManager.swift */; };
		4F55FDD123CFA3260032EF0F /* ChannelModel.swift in Sources */ = {isa = PBXBuildFile; fileRef = 4F55FDCD23CFA3260032EF0F /* ChannelModel.swift */; };
		4F55FDD223CFA3260032EF0F /* PostModel.swift in Sources */ = {isa = PBXBuildFile; fileRef = 4F55FDCE23CFA3260032EF0F /* PostModel.swift */; };
		4F55FDD323CFA3260032EF0F /* RankModel.swift in Sources */ = {isa = PBXBuildFile; fileRef = 4F55FDCF23CFA3260032EF0F /* RankModel.swift */; };
		4F55FDD423CFA3260032EF0F /* UserModel.swift in Sources */ = {isa = PBXBuildFile; fileRef = 4F55FDD023CFA3260032EF0F /* UserModel.swift */; };
		A42EE84023CE33870046E645 /* AppDelegate.swift in Sources */ = {isa = PBXBuildFile; fileRef = A42EE83F23CE33870046E645 /* AppDelegate.swift */; };
		A42EE84223CE33870046E645 /* SceneDelegate.swift in Sources */ = {isa = PBXBuildFile; fileRef = A42EE84123CE33870046E645 /* SceneDelegate.swift */; };
		A42EE84423CE33870046E645 /* ViewController.swift in Sources */ = {isa = PBXBuildFile; fileRef = A42EE84323CE33870046E645 /* ViewController.swift */; };
		A42EE84A23CE33870046E645 /* noodles.xcdatamodeld in Sources */ = {isa = PBXBuildFile; fileRef = A42EE84823CE33870046E645 /* noodles.xcdatamodeld */; };
		A42EE84C23CE338A0046E645 /* Assets.xcassets in Resources */ = {isa = PBXBuildFile; fileRef = A42EE84B23CE338A0046E645 /* Assets.xcassets */; };
		A42EE84F23CE338A0046E645 /* LaunchScreen.storyboard in Resources */ = {isa = PBXBuildFile; fileRef = A42EE84D23CE338A0046E645 /* LaunchScreen.storyboard */; };
		A42EE85A23CE338A0046E645 /* NoodlesTests.swift in Sources */ = {isa = PBXBuildFile; fileRef = A42EE85923CE338A0046E645 /* NoodlesTests.swift */; };
		A42EE86523CE338A0046E645 /* NoodlesUITests.swift in Sources */ = {isa = PBXBuildFile; fileRef = A42EE86423CE338A0046E645 /* NoodlesUITests.swift */; };
		A42EE87523CE34FB0046E645 /* CloudKit.framework in Frameworks */ = {isa = PBXBuildFile; fileRef = A42EE87423CE34FB0046E645 /* CloudKit.framework */; };
		D91B3BB123CE47680005F0CE /* UIColor+Extensions.swift in Sources */ = {isa = PBXBuildFile; fileRef = D91B3BB023CE47680005F0CE /* UIColor+Extensions.swift */; };
		D91B3BB323CE4B160005F0CE /* Constants.swift in Sources */ = {isa = PBXBuildFile; fileRef = D91B3BB223CE4B160005F0CE /* Constants.swift */; };
/* End PBXBuildFile section */

/* Begin PBXContainerItemProxy section */
		A42EE85623CE338A0046E645 /* PBXContainerItemProxy */ = {
			isa = PBXContainerItemProxy;
			containerPortal = A42EE83423CE33870046E645 /* Project object */;
			proxyType = 1;
			remoteGlobalIDString = A42EE83B23CE33870046E645;
			remoteInfo = noodles;
		};
		A42EE86123CE338A0046E645 /* PBXContainerItemProxy */ = {
			isa = PBXContainerItemProxy;
			containerPortal = A42EE83423CE33870046E645 /* Project object */;
			proxyType = 1;
			remoteGlobalIDString = A42EE83B23CE33870046E645;
			remoteInfo = noodles;
		};
/* End PBXContainerItemProxy section */

/* Begin PBXFileReference section */
		4F55FDA923CE58F00032EF0F /* MockManager.swift */ = {isa = PBXFileReference; lastKnownFileType = sourcecode.swift; path = MockManager.swift; sourceTree = "<group>"; };
		4F55FDCD23CFA3260032EF0F /* ChannelModel.swift */ = {isa = PBXFileReference; fileEncoding = 4; lastKnownFileType = sourcecode.swift; path = ChannelModel.swift; sourceTree = "<group>"; };
		4F55FDCE23CFA3260032EF0F /* PostModel.swift */ = {isa = PBXFileReference; fileEncoding = 4; lastKnownFileType = sourcecode.swift; path = PostModel.swift; sourceTree = "<group>"; };
		4F55FDCF23CFA3260032EF0F /* RankModel.swift */ = {isa = PBXFileReference; fileEncoding = 4; lastKnownFileType = sourcecode.swift; path = RankModel.swift; sourceTree = "<group>"; };
		4F55FDD023CFA3260032EF0F /* UserModel.swift */ = {isa = PBXFileReference; fileEncoding = 4; lastKnownFileType = sourcecode.swift; path = UserModel.swift; sourceTree = "<group>"; };
		A42EE83C23CE33870046E645 /* noodles.app */ = {isa = PBXFileReference; explicitFileType = wrapper.application; includeInIndex = 0; path = noodles.app; sourceTree = BUILT_PRODUCTS_DIR; };
		A42EE83F23CE33870046E645 /* AppDelegate.swift */ = {isa = PBXFileReference; lastKnownFileType = sourcecode.swift; path = AppDelegate.swift; sourceTree = "<group>"; };
		A42EE84123CE33870046E645 /* SceneDelegate.swift */ = {isa = PBXFileReference; lastKnownFileType = sourcecode.swift; path = SceneDelegate.swift; sourceTree = "<group>"; };
		A42EE84323CE33870046E645 /* ViewController.swift */ = {isa = PBXFileReference; lastKnownFileType = sourcecode.swift; path = ViewController.swift; sourceTree = "<group>"; };
		A42EE84923CE33870046E645 /* noodles.xcdatamodel */ = {isa = PBXFileReference; lastKnownFileType = wrapper.xcdatamodel; path = noodles.xcdatamodel; sourceTree = "<group>"; };
		A42EE84B23CE338A0046E645 /* Assets.xcassets */ = {isa = PBXFileReference; lastKnownFileType = folder.assetcatalog; path = Assets.xcassets; sourceTree = "<group>"; };
		A42EE84E23CE338A0046E645 /* Base */ = {isa = PBXFileReference; lastKnownFileType = file.storyboard; name = Base; path = Base.lproj/LaunchScreen.storyboard; sourceTree = "<group>"; };
		A42EE85023CE338A0046E645 /* Info.plist */ = {isa = PBXFileReference; lastKnownFileType = text.plist.xml; path = Info.plist; sourceTree = "<group>"; };
		A42EE85523CE338A0046E645 /* noodlesTests.xctest */ = {isa = PBXFileReference; explicitFileType = wrapper.cfbundle; includeInIndex = 0; path = noodlesTests.xctest; sourceTree = BUILT_PRODUCTS_DIR; };
		A42EE85923CE338A0046E645 /* NoodlesTests.swift */ = {isa = PBXFileReference; lastKnownFileType = sourcecode.swift; path = NoodlesTests.swift; sourceTree = "<group>"; };
		A42EE85B23CE338A0046E645 /* Info.plist */ = {isa = PBXFileReference; lastKnownFileType = text.plist.xml; path = Info.plist; sourceTree = "<group>"; };
		A42EE86023CE338A0046E645 /* noodlesUITests.xctest */ = {isa = PBXFileReference; explicitFileType = wrapper.cfbundle; includeInIndex = 0; path = noodlesUITests.xctest; sourceTree = BUILT_PRODUCTS_DIR; };
		A42EE86423CE338A0046E645 /* NoodlesUITests.swift */ = {isa = PBXFileReference; lastKnownFileType = sourcecode.swift; path = NoodlesUITests.swift; sourceTree = "<group>"; };
		A42EE86623CE338A0046E645 /* Info.plist */ = {isa = PBXFileReference; lastKnownFileType = text.plist.xml; path = Info.plist; sourceTree = "<group>"; };
		A42EE87223CE34420046E645 /* noodles.entitlements */ = {isa = PBXFileReference; lastKnownFileType = text.plist.entitlements; path = noodles.entitlements; sourceTree = "<group>"; };
		A42EE87423CE34FB0046E645 /* CloudKit.framework */ = {isa = PBXFileReference; lastKnownFileType = wrapper.framework; name = CloudKit.framework; path = System/Library/Frameworks/CloudKit.framework; sourceTree = SDKROOT; };
		D91B3BB023CE47680005F0CE /* UIColor+Extensions.swift */ = {isa = PBXFileReference; lastKnownFileType = sourcecode.swift; path = "UIColor+Extensions.swift"; sourceTree = "<group>"; };
		D91B3BB223CE4B160005F0CE /* Constants.swift */ = {isa = PBXFileReference; lastKnownFileType = sourcecode.swift; path = Constants.swift; sourceTree = "<group>"; };
/* End PBXFileReference section */

/* Begin PBXFrameworksBuildPhase section */
		A42EE83923CE33870046E645 /* Frameworks */ = {
			isa = PBXFrameworksBuildPhase;
			buildActionMask = 2147483647;
			files = (
				A42EE87523CE34FB0046E645 /* CloudKit.framework in Frameworks */,
			);
			runOnlyForDeploymentPostprocessing = 0;
		};
		A42EE85223CE338A0046E645 /* Frameworks */ = {
			isa = PBXFrameworksBuildPhase;
			buildActionMask = 2147483647;
			files = (
			);
			runOnlyForDeploymentPostprocessing = 0;
		};
		A42EE85D23CE338A0046E645 /* Frameworks */ = {
			isa = PBXFrameworksBuildPhase;
			buildActionMask = 2147483647;
			files = (
			);
			runOnlyForDeploymentPostprocessing = 0;
		};
/* End PBXFrameworksBuildPhase section */

/* Begin PBXGroup section */
		4F55FDCC23CFA3260032EF0F /* Models */ = {
			isa = PBXGroup;
			children = (
				4F55FDCD23CFA3260032EF0F /* ChannelModel.swift */,
				4F55FDCE23CFA3260032EF0F /* PostModel.swift */,
				4F55FDCF23CFA3260032EF0F /* RankModel.swift */,
				4F55FDD023CFA3260032EF0F /* UserModel.swift */,
			);
			path = Models;
			sourceTree = "<group>";
		};
		A42EE83323CE33870046E645 = {
			isa = PBXGroup;
			children = (
				A42EE83E23CE33870046E645 /* noodles */,
				A42EE85823CE338A0046E645 /* noodlesTests */,
				A42EE86323CE338A0046E645 /* noodlesUITests */,
				A42EE83D23CE33870046E645 /* Products */,
				A42EE87323CE34FB0046E645 /* Frameworks */,
			);
			sourceTree = "<group>";
		};
		A42EE83D23CE33870046E645 /* Products */ = {
			isa = PBXGroup;
			children = (
				A42EE83C23CE33870046E645 /* noodles.app */,
				A42EE85523CE338A0046E645 /* noodlesTests.xctest */,
				A42EE86023CE338A0046E645 /* noodlesUITests.xctest */,
			);
			name = Products;
			sourceTree = "<group>";
		};
		A42EE83E23CE33870046E645 /* noodles */ = {
			isa = PBXGroup;
			children = (
				D91B3BAF23CE47400005F0CE /* Helpers */,
				4F55FDCC23CFA3260032EF0F /* Models */,
				A42EE87223CE34420046E645 /* noodles.entitlements */,
				A42EE83F23CE33870046E645 /* AppDelegate.swift */,
				A42EE84123CE33870046E645 /* SceneDelegate.swift */,
				A42EE84323CE33870046E645 /* ViewController.swift */,
				A42EE84B23CE338A0046E645 /* Assets.xcassets */,
				A42EE84D23CE338A0046E645 /* LaunchScreen.storyboard */,
				A42EE85023CE338A0046E645 /* Info.plist */,
				A42EE84823CE33870046E645 /* noodles.xcdatamodeld */,
			);
			path = noodles;
			sourceTree = "<group>";
		};
		A42EE85823CE338A0046E645 /* noodlesTests */ = {
			isa = PBXGroup;
			children = (
				A42EE85923CE338A0046E645 /* NoodlesTests.swift */,
				A42EE85B23CE338A0046E645 /* Info.plist */,
			);
			path = noodlesTests;
			sourceTree = "<group>";
		};
		A42EE86323CE338A0046E645 /* noodlesUITests */ = {
			isa = PBXGroup;
			children = (
				A42EE86423CE338A0046E645 /* NoodlesUITests.swift */,
				A42EE86623CE338A0046E645 /* Info.plist */,
			);
			path = noodlesUITests;
			sourceTree = "<group>";
		};
		A42EE87323CE34FB0046E645 /* Frameworks */ = {
			isa = PBXGroup;
			children = (
				A42EE87423CE34FB0046E645 /* CloudKit.framework */,
			);
			name = Frameworks;
			sourceTree = "<group>";
		};
		D91B3BAF23CE47400005F0CE /* Helpers */ = {
			isa = PBXGroup;
			children = (
				D91B3BB023CE47680005F0CE /* UIColor+Extensions.swift */,
				D91B3BB223CE4B160005F0CE /* Constants.swift */,
				4F55FDA923CE58F00032EF0F /* MockManager.swift */,
			);
			path = Helpers;
			sourceTree = "<group>";
		};
/* End PBXGroup section */

/* Begin PBXNativeTarget section */
		A42EE83B23CE33870046E645 /* noodles */ = {
			isa = PBXNativeTarget;
			buildConfigurationList = A42EE86923CE338A0046E645 /* Build configuration list for PBXNativeTarget "noodles" */;
			buildPhases = (
				A42EE83823CE33870046E645 /* Sources */,
				A42EE83923CE33870046E645 /* Frameworks */,
				A42EE83A23CE33870046E645 /* Resources */,
				A42EE87623CE379F0046E645 /* SwiftLint */,
			);
			buildRules = (
			);
			dependencies = (
			);
			name = noodles;
			productName = noodles;
			productReference = A42EE83C23CE33870046E645 /* noodles.app */;
			productType = "com.apple.product-type.application";
		};
		A42EE85423CE338A0046E645 /* noodlesTests */ = {
			isa = PBXNativeTarget;
			buildConfigurationList = A42EE86C23CE338A0046E645 /* Build configuration list for PBXNativeTarget "noodlesTests" */;
			buildPhases = (
				A42EE85123CE338A0046E645 /* Sources */,
				A42EE85223CE338A0046E645 /* Frameworks */,
				A42EE85323CE338A0046E645 /* Resources */,
			);
			buildRules = (
			);
			dependencies = (
				A42EE85723CE338A0046E645 /* PBXTargetDependency */,
			);
			name = noodlesTests;
			productName = noodlesTests;
			productReference = A42EE85523CE338A0046E645 /* noodlesTests.xctest */;
			productType = "com.apple.product-type.bundle.unit-test";
		};
		A42EE85F23CE338A0046E645 /* noodlesUITests */ = {
			isa = PBXNativeTarget;
			buildConfigurationList = A42EE86F23CE338A0046E645 /* Build configuration list for PBXNativeTarget "noodlesUITests" */;
			buildPhases = (
				A42EE85C23CE338A0046E645 /* Sources */,
				A42EE85D23CE338A0046E645 /* Frameworks */,
				A42EE85E23CE338A0046E645 /* Resources */,
			);
			buildRules = (
			);
			dependencies = (
				A42EE86223CE338A0046E645 /* PBXTargetDependency */,
			);
			name = noodlesUITests;
			productName = noodlesUITests;
			productReference = A42EE86023CE338A0046E645 /* noodlesUITests.xctest */;
			productType = "com.apple.product-type.bundle.ui-testing";
		};
/* End PBXNativeTarget section */

/* Begin PBXProject section */
		A42EE83423CE33870046E645 /* Project object */ = {
			isa = PBXProject;
			attributes = {
				LastSwiftUpdateCheck = 1130;
				LastUpgradeCheck = 1130;
				ORGANIZATIONNAME = "Artur Carneiro";
				TargetAttributes = {
					A42EE83B23CE33870046E645 = {
						CreatedOnToolsVersion = 11.3;
					};
					A42EE85423CE338A0046E645 = {
						CreatedOnToolsVersion = 11.3;
						TestTargetID = A42EE83B23CE33870046E645;
					};
					A42EE85F23CE338A0046E645 = {
						CreatedOnToolsVersion = 11.3;
						TestTargetID = A42EE83B23CE33870046E645;
					};
				};
			};
			buildConfigurationList = A42EE83723CE33870046E645 /* Build configuration list for PBXProject "noodles" */;
			compatibilityVersion = "Xcode 9.3";
			developmentRegion = en;
			hasScannedForEncodings = 0;
			knownRegions = (
				en,
				Base,
			);
			mainGroup = A42EE83323CE33870046E645;
			productRefGroup = A42EE83D23CE33870046E645 /* Products */;
			projectDirPath = "";
			projectRoot = "";
			targets = (
				A42EE83B23CE33870046E645 /* noodles */,
				A42EE85423CE338A0046E645 /* noodlesTests */,
				A42EE85F23CE338A0046E645 /* noodlesUITests */,
			);
		};
/* End PBXProject section */

/* Begin PBXResourcesBuildPhase section */
		A42EE83A23CE33870046E645 /* Resources */ = {
			isa = PBXResourcesBuildPhase;
			buildActionMask = 2147483647;
			files = (
				A42EE84F23CE338A0046E645 /* LaunchScreen.storyboard in Resources */,
				A42EE84C23CE338A0046E645 /* Assets.xcassets in Resources */,
			);
			runOnlyForDeploymentPostprocessing = 0;
		};
		A42EE85323CE338A0046E645 /* Resources */ = {
			isa = PBXResourcesBuildPhase;
			buildActionMask = 2147483647;
			files = (
			);
			runOnlyForDeploymentPostprocessing = 0;
		};
		A42EE85E23CE338A0046E645 /* Resources */ = {
			isa = PBXResourcesBuildPhase;
			buildActionMask = 2147483647;
			files = (
			);
			runOnlyForDeploymentPostprocessing = 0;
		};
/* End PBXResourcesBuildPhase section */

/* Begin PBXShellScriptBuildPhase section */
		A42EE87623CE379F0046E645 /* SwiftLint */ = {
			isa = PBXShellScriptBuildPhase;
			buildActionMask = 2147483647;
			files = (
			);
			inputFileListPaths = (
			);
			inputPaths = (
			);
			name = SwiftLint;
			outputFileListPaths = (
			);
			outputPaths = (
			);
			runOnlyForDeploymentPostprocessing = 0;
			shellPath = /bin/sh;
			shellScript = "if which swiftlint >/dev/null; then\n  swiftlint\nelse\n  echo \"warning: SwiftLint not installed, download from https://github.com/realm/SwiftLint\"\nfi\n";
		};
/* End PBXShellScriptBuildPhase section */

/* Begin PBXSourcesBuildPhase section */
		A42EE83823CE33870046E645 /* Sources */ = {
			isa = PBXSourcesBuildPhase;
			buildActionMask = 2147483647;
			files = (
				A42EE84A23CE33870046E645 /* noodles.xcdatamodeld in Sources */,
				4F55FDD223CFA3260032EF0F /* PostModel.swift in Sources */,
				D91B3BB123CE47680005F0CE /* UIColor+Extensions.swift in Sources */,
				A42EE84423CE33870046E645 /* ViewController.swift in Sources */,
				4F55FDD323CFA3260032EF0F /* RankModel.swift in Sources */,
				A42EE84023CE33870046E645 /* AppDelegate.swift in Sources */,
				4F55FDD123CFA3260032EF0F /* ChannelModel.swift in Sources */,
				4F55FDAA23CE58F00032EF0F /* MockManager.swift in Sources */,
				A42EE84223CE33870046E645 /* SceneDelegate.swift in Sources */,
				D91B3BB323CE4B160005F0CE /* Constants.swift in Sources */,
				4F55FDD423CFA3260032EF0F /* UserModel.swift in Sources */,
			);
			runOnlyForDeploymentPostprocessing = 0;
		};
		A42EE85123CE338A0046E645 /* Sources */ = {
			isa = PBXSourcesBuildPhase;
			buildActionMask = 2147483647;
			files = (
				A42EE85A23CE338A0046E645 /* NoodlesTests.swift in Sources */,
			);
			runOnlyForDeploymentPostprocessing = 0;
		};
		A42EE85C23CE338A0046E645 /* Sources */ = {
			isa = PBXSourcesBuildPhase;
			buildActionMask = 2147483647;
			files = (
				A42EE86523CE338A0046E645 /* NoodlesUITests.swift in Sources */,
			);
			runOnlyForDeploymentPostprocessing = 0;
		};
/* End PBXSourcesBuildPhase section */

/* Begin PBXTargetDependency section */
		A42EE85723CE338A0046E645 /* PBXTargetDependency */ = {
			isa = PBXTargetDependency;
			target = A42EE83B23CE33870046E645 /* noodles */;
			targetProxy = A42EE85623CE338A0046E645 /* PBXContainerItemProxy */;
		};
		A42EE86223CE338A0046E645 /* PBXTargetDependency */ = {
			isa = PBXTargetDependency;
			target = A42EE83B23CE33870046E645 /* noodles */;
			targetProxy = A42EE86123CE338A0046E645 /* PBXContainerItemProxy */;
		};
/* End PBXTargetDependency section */

/* Begin PBXVariantGroup section */
		A42EE84D23CE338A0046E645 /* LaunchScreen.storyboard */ = {
			isa = PBXVariantGroup;
			children = (
				A42EE84E23CE338A0046E645 /* Base */,
			);
			name = LaunchScreen.storyboard;
			sourceTree = "<group>";
		};
/* End PBXVariantGroup section */

/* Begin XCBuildConfiguration section */
		A42EE86723CE338A0046E645 /* Debug */ = {
			isa = XCBuildConfiguration;
			buildSettings = {
				ALWAYS_SEARCH_USER_PATHS = NO;
				CLANG_ANALYZER_NONNULL = YES;
				CLANG_ANALYZER_NUMBER_OBJECT_CONVERSION = YES_AGGRESSIVE;
				CLANG_CXX_LANGUAGE_STANDARD = "gnu++14";
				CLANG_CXX_LIBRARY = "libc++";
				CLANG_ENABLE_MODULES = YES;
				CLANG_ENABLE_OBJC_ARC = YES;
				CLANG_ENABLE_OBJC_WEAK = YES;
				CLANG_WARN_BLOCK_CAPTURE_AUTORELEASING = YES;
				CLANG_WARN_BOOL_CONVERSION = YES;
				CLANG_WARN_COMMA = YES;
				CLANG_WARN_CONSTANT_CONVERSION = YES;
				CLANG_WARN_DEPRECATED_OBJC_IMPLEMENTATIONS = YES;
				CLANG_WARN_DIRECT_OBJC_ISA_USAGE = YES_ERROR;
				CLANG_WARN_DOCUMENTATION_COMMENTS = YES;
				CLANG_WARN_EMPTY_BODY = YES;
				CLANG_WARN_ENUM_CONVERSION = YES;
				CLANG_WARN_INFINITE_RECURSION = YES;
				CLANG_WARN_INT_CONVERSION = YES;
				CLANG_WARN_NON_LITERAL_NULL_CONVERSION = YES;
				CLANG_WARN_OBJC_IMPLICIT_RETAIN_SELF = YES;
				CLANG_WARN_OBJC_LITERAL_CONVERSION = YES;
				CLANG_WARN_OBJC_ROOT_CLASS = YES_ERROR;
				CLANG_WARN_RANGE_LOOP_ANALYSIS = YES;
				CLANG_WARN_STRICT_PROTOTYPES = YES;
				CLANG_WARN_SUSPICIOUS_MOVE = YES;
				CLANG_WARN_UNGUARDED_AVAILABILITY = YES_AGGRESSIVE;
				CLANG_WARN_UNREACHABLE_CODE = YES;
				CLANG_WARN__DUPLICATE_METHOD_MATCH = YES;
				COPY_PHASE_STRIP = NO;
				DEBUG_INFORMATION_FORMAT = dwarf;
				ENABLE_STRICT_OBJC_MSGSEND = YES;
				ENABLE_TESTABILITY = YES;
				GCC_C_LANGUAGE_STANDARD = gnu11;
				GCC_DYNAMIC_NO_PIC = NO;
				GCC_NO_COMMON_BLOCKS = YES;
				GCC_OPTIMIZATION_LEVEL = 0;
				GCC_PREPROCESSOR_DEFINITIONS = (
					"DEBUG=1",
					"$(inherited)",
				);
				GCC_WARN_64_TO_32_BIT_CONVERSION = YES;
				GCC_WARN_ABOUT_RETURN_TYPE = YES_ERROR;
				GCC_WARN_UNDECLARED_SELECTOR = YES;
				GCC_WARN_UNINITIALIZED_AUTOS = YES_AGGRESSIVE;
				GCC_WARN_UNUSED_FUNCTION = YES;
				GCC_WARN_UNUSED_VARIABLE = YES;
				IPHONEOS_DEPLOYMENT_TARGET = 13.2;
				MTL_ENABLE_DEBUG_INFO = INCLUDE_SOURCE;
				MTL_FAST_MATH = YES;
				ONLY_ACTIVE_ARCH = YES;
				SDKROOT = iphoneos;
				SWIFT_ACTIVE_COMPILATION_CONDITIONS = DEBUG;
				SWIFT_OPTIMIZATION_LEVEL = "-Onone";
			};
			name = Debug;
		};
		A42EE86823CE338A0046E645 /* Release */ = {
			isa = XCBuildConfiguration;
			buildSettings = {
				ALWAYS_SEARCH_USER_PATHS = NO;
				CLANG_ANALYZER_NONNULL = YES;
				CLANG_ANALYZER_NUMBER_OBJECT_CONVERSION = YES_AGGRESSIVE;
				CLANG_CXX_LANGUAGE_STANDARD = "gnu++14";
				CLANG_CXX_LIBRARY = "libc++";
				CLANG_ENABLE_MODULES = YES;
				CLANG_ENABLE_OBJC_ARC = YES;
				CLANG_ENABLE_OBJC_WEAK = YES;
				CLANG_WARN_BLOCK_CAPTURE_AUTORELEASING = YES;
				CLANG_WARN_BOOL_CONVERSION = YES;
				CLANG_WARN_COMMA = YES;
				CLANG_WARN_CONSTANT_CONVERSION = YES;
				CLANG_WARN_DEPRECATED_OBJC_IMPLEMENTATIONS = YES;
				CLANG_WARN_DIRECT_OBJC_ISA_USAGE = YES_ERROR;
				CLANG_WARN_DOCUMENTATION_COMMENTS = YES;
				CLANG_WARN_EMPTY_BODY = YES;
				CLANG_WARN_ENUM_CONVERSION = YES;
				CLANG_WARN_INFINITE_RECURSION = YES;
				CLANG_WARN_INT_CONVERSION = YES;
				CLANG_WARN_NON_LITERAL_NULL_CONVERSION = YES;
				CLANG_WARN_OBJC_IMPLICIT_RETAIN_SELF = YES;
				CLANG_WARN_OBJC_LITERAL_CONVERSION = YES;
				CLANG_WARN_OBJC_ROOT_CLASS = YES_ERROR;
				CLANG_WARN_RANGE_LOOP_ANALYSIS = YES;
				CLANG_WARN_STRICT_PROTOTYPES = YES;
				CLANG_WARN_SUSPICIOUS_MOVE = YES;
				CLANG_WARN_UNGUARDED_AVAILABILITY = YES_AGGRESSIVE;
				CLANG_WARN_UNREACHABLE_CODE = YES;
				CLANG_WARN__DUPLICATE_METHOD_MATCH = YES;
				COPY_PHASE_STRIP = NO;
				DEBUG_INFORMATION_FORMAT = "dwarf-with-dsym";
				ENABLE_NS_ASSERTIONS = NO;
				ENABLE_STRICT_OBJC_MSGSEND = YES;
				GCC_C_LANGUAGE_STANDARD = gnu11;
				GCC_NO_COMMON_BLOCKS = YES;
				GCC_WARN_64_TO_32_BIT_CONVERSION = YES;
				GCC_WARN_ABOUT_RETURN_TYPE = YES_ERROR;
				GCC_WARN_UNDECLARED_SELECTOR = YES;
				GCC_WARN_UNINITIALIZED_AUTOS = YES_AGGRESSIVE;
				GCC_WARN_UNUSED_FUNCTION = YES;
				GCC_WARN_UNUSED_VARIABLE = YES;
				IPHONEOS_DEPLOYMENT_TARGET = 13.2;
				MTL_ENABLE_DEBUG_INFO = NO;
				MTL_FAST_MATH = YES;
				SDKROOT = iphoneos;
				SWIFT_COMPILATION_MODE = wholemodule;
				SWIFT_OPTIMIZATION_LEVEL = "-O";
				VALIDATE_PRODUCT = YES;
			};
			name = Release;
		};
		A42EE86A23CE338A0046E645 /* Debug */ = {
			isa = XCBuildConfiguration;
			buildSettings = {
				ASSETCATALOG_COMPILER_APPICON_NAME = AppIcon;
				CODE_SIGN_ENTITLEMENTS = noodles/noodles.entitlements;
				CODE_SIGN_STYLE = Automatic;
				DEVELOPMENT_TEAM = 93JG72P729;
				INFOPLIST_FILE = noodles/Info.plist;
				IPHONEOS_DEPLOYMENT_TARGET = 13.0;
				LD_RUNPATH_SEARCH_PATHS = (
					"$(inherited)",
					"@executable_path/Frameworks",
				);
				PRODUCT_BUNDLE_IDENTIFIER = com.csfa.noodles;
				PRODUCT_NAME = "$(TARGET_NAME)";
				SWIFT_VERSION = 5.0;
				TARGETED_DEVICE_FAMILY = "1,2";
			};
			name = Debug;
		};
		A42EE86B23CE338A0046E645 /* Release */ = {
			isa = XCBuildConfiguration;
			buildSettings = {
				ASSETCATALOG_COMPILER_APPICON_NAME = AppIcon;
				CODE_SIGN_ENTITLEMENTS = noodles/noodles.entitlements;
				CODE_SIGN_STYLE = Automatic;
				DEVELOPMENT_TEAM = 93JG72P729;
				INFOPLIST_FILE = noodles/Info.plist;
				IPHONEOS_DEPLOYMENT_TARGET = 13.0;
				LD_RUNPATH_SEARCH_PATHS = (
					"$(inherited)",
					"@executable_path/Frameworks",
				);
				PRODUCT_BUNDLE_IDENTIFIER = com.csfa.noodles;
				PRODUCT_NAME = "$(TARGET_NAME)";
				SWIFT_VERSION = 5.0;
				TARGETED_DEVICE_FAMILY = "1,2";
			};
			name = Release;
		};
		A42EE86D23CE338A0046E645 /* Debug */ = {
			isa = XCBuildConfiguration;
			buildSettings = {
				ALWAYS_EMBED_SWIFT_STANDARD_LIBRARIES = YES;
				BUNDLE_LOADER = "$(TEST_HOST)";
				CODE_SIGN_STYLE = Automatic;
				DEVELOPMENT_TEAM = L76X5KFZD9;
				INFOPLIST_FILE = noodlesTests/Info.plist;
				IPHONEOS_DEPLOYMENT_TARGET = 13.2;
				LD_RUNPATH_SEARCH_PATHS = (
					"$(inherited)",
					"@executable_path/Frameworks",
					"@loader_path/Frameworks",
				);
				PRODUCT_BUNDLE_IDENTIFIER = com.csfa.noodlesTests;
				PRODUCT_NAME = "$(TARGET_NAME)";
				SWIFT_VERSION = 5.0;
				TARGETED_DEVICE_FAMILY = "1,2";
				TEST_HOST = "$(BUILT_PRODUCTS_DIR)/noodles.app/noodles";
			};
			name = Debug;
		};
		A42EE86E23CE338A0046E645 /* Release */ = {
			isa = XCBuildConfiguration;
			buildSettings = {
				ALWAYS_EMBED_SWIFT_STANDARD_LIBRARIES = YES;
				BUNDLE_LOADER = "$(TEST_HOST)";
				CODE_SIGN_STYLE = Automatic;
				DEVELOPMENT_TEAM = L76X5KFZD9;
				INFOPLIST_FILE = noodlesTests/Info.plist;
				IPHONEOS_DEPLOYMENT_TARGET = 13.2;
				LD_RUNPATH_SEARCH_PATHS = (
					"$(inherited)",
					"@executable_path/Frameworks",
					"@loader_path/Frameworks",
				);
				PRODUCT_BUNDLE_IDENTIFIER = com.csfa.noodlesTests;
				PRODUCT_NAME = "$(TARGET_NAME)";
				SWIFT_VERSION = 5.0;
				TARGETED_DEVICE_FAMILY = "1,2";
				TEST_HOST = "$(BUILT_PRODUCTS_DIR)/noodles.app/noodles";
			};
			name = Release;
		};
		A42EE87023CE338A0046E645 /* Debug */ = {
			isa = XCBuildConfiguration;
			buildSettings = {
				ALWAYS_EMBED_SWIFT_STANDARD_LIBRARIES = YES;
				CODE_SIGN_STYLE = Automatic;
				DEVELOPMENT_TEAM = L76X5KFZD9;
				INFOPLIST_FILE = noodlesUITests/Info.plist;
				LD_RUNPATH_SEARCH_PATHS = (
					"$(inherited)",
					"@executable_path/Frameworks",
					"@loader_path/Frameworks",
				);
				PRODUCT_BUNDLE_IDENTIFIER = com.csfa.noodlesUITests;
				PRODUCT_NAME = "$(TARGET_NAME)";
				SWIFT_VERSION = 5.0;
				TARGETED_DEVICE_FAMILY = "1,2";
				TEST_TARGET_NAME = noodles;
			};
			name = Debug;
		};
		A42EE87123CE338A0046E645 /* Release */ = {
			isa = XCBuildConfiguration;
			buildSettings = {
				ALWAYS_EMBED_SWIFT_STANDARD_LIBRARIES = YES;
				CODE_SIGN_STYLE = Automatic;
				DEVELOPMENT_TEAM = L76X5KFZD9;
				INFOPLIST_FILE = noodlesUITests/Info.plist;
				LD_RUNPATH_SEARCH_PATHS = (
					"$(inherited)",
					"@executable_path/Frameworks",
					"@loader_path/Frameworks",
				);
				PRODUCT_BUNDLE_IDENTIFIER = com.csfa.noodlesUITests;
				PRODUCT_NAME = "$(TARGET_NAME)";
				SWIFT_VERSION = 5.0;
				TARGETED_DEVICE_FAMILY = "1,2";
				TEST_TARGET_NAME = noodles;
			};
			name = Release;
		};
/* End XCBuildConfiguration section */

/* Begin XCConfigurationList section */
		A42EE83723CE33870046E645 /* Build configuration list for PBXProject "noodles" */ = {
			isa = XCConfigurationList;
			buildConfigurations = (
				A42EE86723CE338A0046E645 /* Debug */,
				A42EE86823CE338A0046E645 /* Release */,
			);
			defaultConfigurationIsVisible = 0;
			defaultConfigurationName = Release;
		};
		A42EE86923CE338A0046E645 /* Build configuration list for PBXNativeTarget "noodles" */ = {
			isa = XCConfigurationList;
			buildConfigurations = (
				A42EE86A23CE338A0046E645 /* Debug */,
				A42EE86B23CE338A0046E645 /* Release */,
			);
			defaultConfigurationIsVisible = 0;
			defaultConfigurationName = Release;
		};
		A42EE86C23CE338A0046E645 /* Build configuration list for PBXNativeTarget "noodlesTests" */ = {
			isa = XCConfigurationList;
			buildConfigurations = (
				A42EE86D23CE338A0046E645 /* Debug */,
				A42EE86E23CE338A0046E645 /* Release */,
			);
			defaultConfigurationIsVisible = 0;
			defaultConfigurationName = Release;
		};
		A42EE86F23CE338A0046E645 /* Build configuration list for PBXNativeTarget "noodlesUITests" */ = {
			isa = XCConfigurationList;
			buildConfigurations = (
				A42EE87023CE338A0046E645 /* Debug */,
				A42EE87123CE338A0046E645 /* Release */,
			);
			defaultConfigurationIsVisible = 0;
			defaultConfigurationName = Release;
		};
/* End XCConfigurationList section */

/* Begin XCVersionGroup section */
		A42EE84823CE33870046E645 /* noodles.xcdatamodeld */ = {
			isa = XCVersionGroup;
			children = (
				A42EE84923CE33870046E645 /* noodles.xcdatamodel */,
			);
			currentVersion = A42EE84923CE33870046E645 /* noodles.xcdatamodel */;
			path = noodles.xcdatamodeld;
			sourceTree = "<group>";
			versionGroupType = wrapper.xcdatamodel;
		};
/* End XCVersionGroup section */
	};
	rootObject = A42EE83423CE33870046E645 /* Project object */;
}
